
Microsoft Visual Studio Solution File, Format Version 12.00
# Visual Studio Version 16
VisualStudioVersion = 16.0.30011.22
MinimumVisualStudioVersion = 10.0.40219.1
Project("{888888A0-9F3D-457C-B088-3A5042F75D52}") = "TestWareHouse", "TestWareHouse\TestWareHouse.pyproj", "{5E96C7E8-FF56-4338-9211-932AB464153C}"
EndProject
Global
	GlobalSection(SolutionConfigurationPlatforms) = preSolution
		Debug|Any CPU = Debug|Any CPU
		Release|Any CPU = Release|Any CPU
	EndGlobalSection
	GlobalSection(ProjectConfigurationPlatforms) = postSolution
		{5E96C7E8-FF56-4338-9211-932AB464153C}.Debug|Any CPU.ActiveCfg = Debug|Any CPU
		{5E96C7E8-FF56-4338-9211-932AB464153C}.Debug|Any CPU.Build.0 = Debug|Any CPU
		{5E96C7E8-FF56-4338-9211-932AB464153C}.Release|Any CPU.ActiveCfg = Release|Any CPU
		{5E96C7E8-FF56-4338-9211-932AB464153C}.Release|Any CPU.Build.0 = Release|Any CPU
	EndGlobalSection
	GlobalSection(SolutionProperties) = preSolution
		HideSolutionNode = FALSE
	EndGlobalSection
	GlobalSection(ExtensibilityGlobals) = postSolution
		SolutionGuid = {EFD3CE9E-B94F-4E2E-ABB4-627E01674701}
	EndGlobalSection
EndGlobal
